
Microsoft Visual Studio Solution File, Format Version 12.00
# Visual Studio Version 17
VisualStudioVersion = 17.14.37216.2 d17.14
MinimumVisualStudioVersion = 10.0.40219.1
Project("{FAE04EC0-301F-11D3-BF4B-00C04F79EFBC}") = "OSCode", "OSCode.csproj", "{EF03D996-6911-7B34-FEDC-7602A31036BB}"
EndProject
Global
	GlobalSection(SolutionConfigurationPlatforms) = preSolution
		Debug|Any CPU = Debug|Any CPU
		Release|Any CPU = Release|Any CPU
	EndGlobalSection
	GlobalSection(ProjectConfigurationPlatforms) = postSolution
		{EF03D996-6911-7B34-FEDC-7602A31036BB}.Debug|Any CPU.ActiveCfg = Debug|Any CPU
		{EF03D996-6911-7B34-FEDC-7602A31036BB}.Debug|Any CPU.Build.0 = Debug|Any CPU
		{EF03D996-6911-7B34-FEDC-7602A31036BB}.Release|Any CPU.ActiveCfg = Release|Any CPU
		{EF03D996-6911-7B34-FEDC-7602A31036BB}.Release|Any CPU.Build.0 = Release|Any CPU
	EndGlobalSection
	GlobalSection(SolutionProperties) = preSolution
		HideSolutionNode = FALSE
	EndGlobalSection
	GlobalSection(ExtensibilityGlobals) = postSolution
		SolutionGuid = {DA73184E-49F8-4FF4-ABC4-7275E07C650C}
	EndGlobalSection
EndGlobal
